
Microsoft Visual Studio Solution File, Format Version 12.00
# Visual Studio Version 16
VisualStudioVersion = 16.0.29509.3
MinimumVisualStudioVersion = 10.0.40219.1
Project("{FAE04EC0-301F-11D3-BF4B-00C04F79EFBC}") = "TEConstruye", "TEConstruye\TEConstruye.csproj", "{27B15038-B3DA-4FC2-A83A-F1BF52F8B5D0}"
EndProject
Project("{FAE04EC0-301F-11D3-BF4B-00C04F79EFBC}") = "DBContext", "DBContext\DBContext.csproj", "{D72973C7-BFBB-4CDA-A073-37503300CF9D}"
EndProject
Global
	GlobalSection(SolutionConfigurationPlatforms) = preSolution
		Debug|Any CPU = Debug|Any CPU
		Release|Any CPU = Release|Any CPU
	EndGlobalSection
	GlobalSection(ProjectConfigurationPlatforms) = postSolution
		{27B15038-B3DA-4FC2-A83A-F1BF52F8B5D0}.Debug|Any CPU.ActiveCfg = Debug|Any CPU
		{27B15038-B3DA-4FC2-A83A-F1BF52F8B5D0}.Debug|Any CPU.Build.0 = Debug|Any CPU
		{27B15038-B3DA-4FC2-A83A-F1BF52F8B5D0}.Release|Any CPU.ActiveCfg = Release|Any CPU
		{27B15038-B3DA-4FC2-A83A-F1BF52F8B5D0}.Release|Any CPU.Build.0 = Release|Any CPU
		{D72973C7-BFBB-4CDA-A073-37503300CF9D}.Debug|Any CPU.ActiveCfg = Debug|Any CPU
		{D72973C7-BFBB-4CDA-A073-37503300CF9D}.Debug|Any CPU.Build.0 = Debug|Any CPU
		{D72973C7-BFBB-4CDA-A073-37503300CF9D}.Release|Any CPU.ActiveCfg = Release|Any CPU
		{D72973C7-BFBB-4CDA-A073-37503300CF9D}.Release|Any CPU.Build.0 = Release|Any CPU
	EndGlobalSection
	GlobalSection(SolutionProperties) = preSolution
		HideSolutionNode = FALSE
	EndGlobalSection
	GlobalSection(ExtensibilityGlobals) = postSolution
		SolutionGuid = {243FA97E-6875-414C-988C-010BCE06A637}
	EndGlobalSection
EndGlobal
